
Microsoft Visual Studio Solution File, Format Version 12.00
# Visual Studio Version 17
VisualStudioVersion = 17.4.33213.308
MinimumVisualStudioVersion = 10.0.40219.1
Project("{FAE04EC0-301F-11D3-BF4B-00C04F79EFBC}") = "FirstBlazorApp", "FirstBlazorApp\FirstBlazorApp.csproj", "{A53028BE-27C1-49AB-830C-CB05E134D883}"
EndProject
Global
	GlobalSection(SolutionConfigurationPlatforms) = preSolution
		Debug|Any CPU = Debug|Any CPU
		Release|Any CPU = Release|Any CPU
	EndGlobalSection
	GlobalSection(ProjectConfigurationPlatforms) = postSolution
		{A53028BE-27C1-49AB-830C-CB05E134D883}.Debug|Any CPU.ActiveCfg = Debug|Any CPU
		{A53028BE-27C1-49AB-830C-CB05E134D883}.Debug|Any CPU.Build.0 = Debug|Any CPU
		{A53028BE-27C1-49AB-830C-CB05E134D883}.Release|Any CPU.ActiveCfg = Release|Any CPU
		{A53028BE-27C1-49AB-830C-CB05E134D883}.Release|Any CPU.Build.0 = Release|Any CPU
	EndGlobalSection
	GlobalSection(SolutionProperties) = preSolution
		HideSolutionNode = FALSE
	EndGlobalSection
	GlobalSection(ExtensibilityGlobals) = postSolution
		SolutionGuid = {C20E44C2-46BC-482F-94F1-0991208E5D11}
	EndGlobalSection
EndGlobal
